// !$*UTF8*$!
{
	archiveVersion = 1;
	classes = {
	};
	objectVersion = 46;
	objects = {

/* Begin PBXBuildFile section */
		CF68DE2A16F0F33F00A8E1AB /* UIKit.framework in Frameworks */ = {isa = PBXBuildFile; fileRef = CF68DE2916F0F33F00A8E1AB /* UIKit.framework */; };
		CF68DE2C16F0F33F00A8E1AB /* Foundation.framework in Frameworks */ = {isa = PBXBuildFile; fileRef = CF68DE2B16F0F33F00A8E1AB /* Foundation.framework */; };
		CF68DE2E16F0F33F00A8E1AB /* CoreGraphics.framework in Frameworks */ = {isa = PBXBuildFile; fileRef = CF68DE2D16F0F33F00A8E1AB /* CoreGraphics.framework */; };
		CF68DE3416F0F33F00A8E1AB /* InfoPlist.strings in Resources */ = {isa = PBXBuildFile; fileRef = CF68DE3216F0F33F00A8E1AB /* InfoPlist.strings */; };
		CF68DE3616F0F33F00A8E1AB /* main.m in Sources */ = {isa = PBXBuildFile; fileRef = CF68DE3516F0F33F00A8E1AB /* main.m */; };
		CF68DE3A16F0F33F00A8E1AB /* AppDelegate.mm in Sources */ = {isa = PBXBuildFile; fileRef = CF68DE3916F0F33F00A8E1AB /* AppDelegate.mm */; };
		CF68DE3C16F0F33F00A8E1AB /* Default.png in Resources */ = {isa = PBXBuildFile; fileRef = CF68DE3B16F0F33F00A8E1AB /* Default.png */; };
		CF68DE3E16F0F33F00A8E1AB /* Default@2x.png in Resources */ = {isa = PBXBuildFile; fileRef = CF68DE3D16F0F33F00A8E1AB /* Default@2x.png */; };
		CF68DE4016F0F33F00A8E1AB /* Default-568h@2x.png in Resources */ = {isa = PBXBuildFile; fileRef = CF68DE3F16F0F33F00A8E1AB /* Default-568h@2x.png */; };
		CF68DE4316F0F33F00A8E1AB /* MainStoryboard_iPhone.storyboard in Resources */ = {isa = PBXBuildFile; fileRef = CF68DE4116F0F33F00A8E1AB /* MainStoryboard_iPhone.storyboard */; };
		CF68DE4916F0F33F00A8E1AB /* ViewController.mm in Sources */ = {isa = PBXBuildFile; fileRef = CF68DE4816F0F33F00A8E1AB /* ViewController.mm */; };
		CF68DE5116F0F6D000A8E1AB /* DetailViewController.mm in Sources */ = {isa = PBXBuildFile; fileRef = CF68DE5016F0F6D000A8E1AB /* DetailViewController.mm */; };
		CF68DE5A16F0F90C00A8E1AB /* MasterViewController.mm in Sources */ = {isa = PBXBuildFile; fileRef = CF68DE5916F0F90C00A8E1AB /* MasterViewController.mm */; };
		CF68DE5C16F0FADF00A8E1AB /* MainStoryboard_iPad.storyboard in Resources */ = {isa = PBXBuildFile; fileRef = CF68DE5B16F0FADF00A8E1AB /* MainStoryboard_iPad.storyboard */; };
		CF7921CE16F3635E006878DD /* Comment.mm in Sources */ = {isa = PBXBuildFile; fileRef = CF7921CD16F3635D006878DD /* Comment.mm */; };
		CF7921D116F3791A006878DD /* CommentDetailViewController.mm in Sources */ = {isa = PBXBuildFile; fileRef = CF7921D016F3791A006878DD /* CommentDetailViewController.mm */; };
		CFBED21D16F45FBA00614188 /* Tesseract.mm in Sources */ = {isa = PBXBuildFile; fileRef = CFBED21C16F45FBA00614188 /* Tesseract.mm */; };
		CFBED35E16F46C9100614188 /* liblept.a in Frameworks */ = {isa = PBXBuildFile; fileRef = CFBED35B16F46C9100614188 /* liblept.a */; };
		CFBED35F16F46C9100614188 /* libtesseract_all.a in Frameworks */ = {isa = PBXBuildFile; fileRef = CFBED35C16F46C9100614188 /* libtesseract_all.a */; };
		CFBED36016F46C9100614188 /* README.md in Resources */ = {isa = PBXBuildFile; fileRef = CFBED35D16F46C9100614188 /* README.md */; };
		CFBED36216F46D1000614188 /* tessdata in Resources */ = {isa = PBXBuildFile; fileRef = CFBED36116F46D1000614188 /* tessdata */; };
		CFBED36516F46D9100614188 /* MBProgressHUD.mm in Sources */ = {isa = PBXBuildFile; fileRef = CFBED36416F46D9100614188 /* MBProgressHUD.mm */; };
		CFCFC67116F393D60076D956 /* AnnotationModel.mm in Sources */ = {isa = PBXBuildFile; fileRef = CFCFC67016F393D60076D956 /* AnnotationModel.mm */; };
		CFCFC67616F3996B0076D956 /* iPhoneViewController.mm in Sources */ = {isa = PBXBuildFile; fileRef = CFCFC67516F3996B0076D956 /* iPhoneViewController.mm */; };
		CFDA4F5916F3090200ADC65F /* AnnotDetailViewController.mm in Sources */ = {isa = PBXBuildFile; fileRef = CFDA4F5816F3090200ADC65F /* AnnotDetailViewController.mm */; };
/* End PBXBuildFile section */

/* Begin PBXFileReference section */
		CF68DE2616F0F33F00A8E1AB /* SplitView.app */ = {isa = PBXFileReference; explicitFileType = wrapper.application; includeInIndex = 0; path = SplitView.app; sourceTree = BUILT_PRODUCTS_DIR; };
		CF68DE2916F0F33F00A8E1AB /* UIKit.framework */ = {isa = PBXFileReference; lastKnownFileType = wrapper.framework; name = UIKit.framework; path = System/Library/Frameworks/UIKit.framework; sourceTree = SDKROOT; };
		CF68DE2B16F0F33F00A8E1AB /* Foundation.framework */ = {isa = PBXFileReference; lastKnownFileType = wrapper.framework; name = Foundation.framework; path = System/Library/Frameworks/Foundation.framework; sourceTree = SDKROOT; };
		CF68DE2D16F0F33F00A8E1AB /* CoreGraphics.framework */ = {isa = PBXFileReference; lastKnownFileType = wrapper.framework; name = CoreGraphics.framework; path = System/Library/Frameworks/CoreGraphics.framework; sourceTree = SDKROOT; };
		CF68DE3116F0F33F00A8E1AB /* SplitView-Info.plist */ = {isa = PBXFileReference; lastKnownFileType = text.plist.xml; path = "SplitView-Info.plist"; sourceTree = "<group>"; };
		CF68DE3316F0F33F00A8E1AB /* en */ = {isa = PBXFileReference; lastKnownFileType = text.plist.strings; name = en; path = en.lproj/InfoPlist.strings; sourceTree = "<group>"; };
		CF68DE3516F0F33F00A8E1AB /* main.m */ = {isa = PBXFileReference; lastKnownFileType = sourcecode.c.objc; path = main.m; sourceTree = "<group>"; };
		CF68DE3716F0F33F00A8E1AB /* SplitView-Prefix.pch */ = {isa = PBXFileReference; lastKnownFileType = sourcecode.c.h; path = "SplitView-Prefix.pch"; sourceTree = "<group>"; };
		CF68DE3816F0F33F00A8E1AB /* AppDelegate.h */ = {isa = PBXFileReference; lastKnownFileType = sourcecode.c.h; path = AppDelegate.h; sourceTree = "<group>"; };
		CF68DE3916F0F33F00A8E1AB /* AppDelegate.mm */ = {isa = PBXFileReference; lastKnownFileType = sourcecode.cpp.objcpp; path = AppDelegate.mm; sourceTree = "<group>"; };
		CF68DE3B16F0F33F00A8E1AB /* Default.png */ = {isa = PBXFileReference; lastKnownFileType = image.png; path = Default.png; sourceTree = "<group>"; };
		CF68DE3D16F0F33F00A8E1AB /* Default@2x.png */ = {isa = PBXFileReference; lastKnownFileType = image.png; path = "Default@2x.png"; sourceTree = "<group>"; };
		CF68DE3F16F0F33F00A8E1AB /* Default-568h@2x.png */ = {isa = PBXFileReference; lastKnownFileType = image.png; path = "Default-568h@2x.png"; sourceTree = "<group>"; };
		CF68DE4216F0F33F00A8E1AB /* en */ = {isa = PBXFileReference; lastKnownFileType = file.storyboard; name = en; path = en.lproj/MainStoryboard_iPhone.storyboard; sourceTree = "<group>"; };
		CF68DE4716F0F33F00A8E1AB /* ViewController.h */ = {isa = PBXFileReference; lastKnownFileType = sourcecode.c.h; path = ViewController.h; sourceTree = "<group>"; };
		CF68DE4816F0F33F00A8E1AB /* ViewController.mm */ = {isa = PBXFileReference; lastKnownFileType = sourcecode.cpp.objcpp; path = ViewController.mm; sourceTree = "<group>"; };
		CF68DE4F16F0F6D000A8E1AB /* DetailViewController.h */ = {isa = PBXFileReference; fileEncoding = 4; lastKnownFileType = sourcecode.c.h; path = DetailViewController.h; sourceTree = "<group>"; };
		CF68DE5016F0F6D000A8E1AB /* DetailViewController.mm */ = {isa = PBXFileReference; fileEncoding = 4; lastKnownFileType = sourcecode.cpp.objcpp; path = DetailViewController.mm; sourceTree = "<group>"; };
		CF68DE5816F0F90C00A8E1AB /* MasterViewController.h */ = {isa = PBXFileReference; fileEncoding = 4; lastKnownFileType = sourcecode.c.h; path = MasterViewController.h; sourceTree = "<group>"; };
		CF68DE5916F0F90C00A8E1AB /* MasterViewController.mm */ = {isa = PBXFileReference; fileEncoding = 4; lastKnownFileType = sourcecode.cpp.objcpp; path = MasterViewController.mm; sourceTree = "<group>"; };
		CF68DE5B16F0FADF00A8E1AB /* MainStoryboard_iPad.storyboard */ = {isa = PBXFileReference; fileEncoding = 4; lastKnownFileType = file.storyboard; path = MainStoryboard_iPad.storyboard; sourceTree = "<group>"; };
		CF7921CC16F3635D006878DD /* Comment.h */ = {isa = PBXFileReference; fileEncoding = 4; lastKnownFileType = sourcecode.c.h; path = Comment.h; sourceTree = "<group>"; };
		CF7921CD16F3635D006878DD /* Comment.mm */ = {isa = PBXFileReference; fileEncoding = 4; lastKnownFileType = sourcecode.cpp.objcpp; path = Comment.mm; sourceTree = "<group>"; };
		CF7921CF16F3791A006878DD /* CommentDetailViewController.h */ = {isa = PBXFileReference; fileEncoding = 4; lastKnownFileType = sourcecode.c.h; path = CommentDetailViewController.h; sourceTree = "<group>"; };
		CF7921D016F3791A006878DD /* CommentDetailViewController.mm */ = {isa = PBXFileReference; fileEncoding = 4; lastKnownFileType = sourcecode.cpp.objcpp; path = CommentDetailViewController.mm; sourceTree = "<group>"; };
		CFBED21B16F45FBA00614188 /* Tesseract.h */ = {isa = PBXFileReference; fileEncoding = 4; lastKnownFileType = sourcecode.c.h; path = Tesseract.h; sourceTree = "<group>"; };
		CFBED21C16F45FBA00614188 /* Tesseract.mm */ = {isa = PBXFileReference; fileEncoding = 4; lastKnownFileType = sourcecode.cpp.objcpp; path = Tesseract.mm; sourceTree = "<group>"; };
		CFBED2CA16F46C9100614188 /* allheaders.h */ = {isa = PBXFileReference; fileEncoding = 4; lastKnownFileType = sourcecode.c.h; path = allheaders.h; sourceTree = "<group>"; };
		CFBED2CB16F46C9100614188 /* alltypes.h */ = {isa = PBXFileReference; fileEncoding = 4; lastKnownFileType = sourcecode.c.h; path = alltypes.h; sourceTree = "<group>"; };
		CFBED2CC16F46C9100614188 /* array.h */ = {isa = PBXFileReference; fileEncoding = 4; lastKnownFileType = sourcecode.c.h; path = array.h; sourceTree = "<group>"; };
		CFBED2CD16F46C9100614188 /* arrayaccess.h */ = {isa = PBXFileReference; fileEncoding = 4; lastKnownFileType = sourcecode.c.h; path = arrayaccess.h; sourceTree = "<group>"; };
		CFBED2CE16F46C9100614188 /* bbuffer.h */ = {isa = PBXFileReference; fileEncoding = 4; lastKnownFileType = sourcecode.c.h; path = bbuffer.h; sourceTree = "<group>"; };
		CFBED2CF16F46C9100614188 /* bmf.h */ = {isa = PBXFileReference; fileEncoding = 4; lastKnownFileType = sourcecode.c.h; path = bmf.h; sourceTree = "<group>"; };
		CFBED2D016F46C9100614188 /* bmp.h */ = {isa = PBXFileReference; fileEncoding = 4; lastKnownFileType = sourcecode.c.h; path = bmp.h; sourceTree = "<group>"; };
		CFBED2D116F46C9100614188 /* ccbord.h */ = {isa = PBXFileReference; fileEncoding = 4; lastKnownFileType = sourcecode.c.h; path = ccbord.h; sourceTree = "<group>"; };
		CFBED2D216F46C9100614188 /* dewarp.h */ = {isa = PBXFileReference; fileEncoding = 4; lastKnownFileType = sourcecode.c.h; path = dewarp.h; sourceTree = "<group>"; };
		CFBED2D316F46C9100614188 /* endianness.h */ = {isa = PBXFileReference; fileEncoding = 4; lastKnownFileType = sourcecode.c.h; path = endianness.h; sourceTree = "<group>"; };
		CFBED2D416F46C9100614188 /* environ.h */ = {isa = PBXFileReference; fileEncoding = 4; lastKnownFileType = sourcecode.c.h; path = environ.h; sourceTree = "<group>"; };
		CFBED2D516F46C9100614188 /* freetype.h */ = {isa = PBXFileReference; fileEncoding = 4; lastKnownFileType = sourcecode.c.h; path = freetype.h; sourceTree = "<group>"; };
		CFBED2D616F46C9100614188 /* gplot.h */ = {isa = PBXFileReference; fileEncoding = 4; lastKnownFileType = sourcecode.c.h; path = gplot.h; sourceTree = "<group>"; };
		CFBED2D716F46C9100614188 /* heap.h */ = {isa = PBXFileReference; fileEncoding = 4; lastKnownFileType = sourcecode.c.h; path = heap.h; sourceTree = "<group>"; };
		CFBED2D816F46C9100614188 /* imageio.h */ = {isa = PBXFileReference; fileEncoding = 4; lastKnownFileType = sourcecode.c.h; path = imageio.h; sourceTree = "<group>"; };
		CFBED2D916F46C9100614188 /* jbclass.h */ = {isa = PBXFileReference; fileEncoding = 4; lastKnownFileType = sourcecode.c.h; path = jbclass.h; sourceTree = "<group>"; };
		CFBED2DA16F46C9100614188 /* leptwin.h */ = {isa = PBXFileReference; fileEncoding = 4; lastKnownFileType = sourcecode.c.h; path = leptwin.h; sourceTree = "<group>"; };
		CFBED2DB16F46C9100614188 /* list.h */ = {isa = PBXFileReference; fileEncoding = 4; lastKnownFileType = sourcecode.c.h; path = list.h; sourceTree = "<group>"; };
		CFBED2DC16F46C9100614188 /* morph.h */ = {isa = PBXFileReference; fileEncoding = 4; lastKnownFileType = sourcecode.c.h; path = morph.h; sourceTree = "<group>"; };
		CFBED2DD16F46C9100614188 /* pix.h */ = {isa = PBXFileReference; fileEncoding = 4; lastKnownFileType = sourcecode.c.h; path = pix.h; sourceTree = "<group>"; };
		CFBED2DE16F46C9100614188 /* ptra.h */ = {isa = PBXFileReference; fileEncoding = 4; lastKnownFileType = sourcecode.c.h; path = ptra.h; sourceTree = "<group>"; };
		CFBED2DF16F46C9100614188 /* queue.h */ = {isa = PBXFileReference; fileEncoding = 4; lastKnownFileType = sourcecode.c.h; path = queue.h; sourceTree = "<group>"; };
		CFBED2E016F46C9100614188 /* readbarcode.h */ = {isa = PBXFileReference; fileEncoding = 4; lastKnownFileType = sourcecode.c.h; path = readbarcode.h; sourceTree = "<group>"; };
		CFBED2E116F46C9100614188 /* regutils.h */ = {isa = PBXFileReference; fileEncoding = 4; lastKnownFileType = sourcecode.c.h; path = regutils.h; sourceTree = "<group>"; };
		CFBED2E216F46C9100614188 /* stack.h */ = {isa = PBXFileReference; fileEncoding = 4; lastKnownFileType = sourcecode.c.h; path = stack.h; sourceTree = "<group>"; };
		CFBED2E316F46C9100614188 /* sudoku.h */ = {isa = PBXFileReference; fileEncoding = 4; lastKnownFileType = sourcecode.c.h; path = sudoku.h; sourceTree = "<group>"; };
		CFBED2E416F46C9100614188 /* watershed.h */ = {isa = PBXFileReference; fileEncoding = 4; lastKnownFileType = sourcecode.c.h; path = watershed.h; sourceTree = "<group>"; };
		CFBED2E616F46C9100614188 /* ambigs.h */ = {isa = PBXFileReference; fileEncoding = 4; lastKnownFileType = sourcecode.c.h; path = ambigs.h; sourceTree = "<group>"; };
		CFBED2E716F46C9100614188 /* apitypes.h */ = {isa = PBXFileReference; fileEncoding = 4; lastKnownFileType = sourcecode.c.h; path = apitypes.h; sourceTree = "<group>"; };
		CFBED2E816F46C9100614188 /* baseapi.h */ = {isa = PBXFileReference; fileEncoding = 4; lastKnownFileType = sourcecode.c.h; path = baseapi.h; sourceTree = "<group>"; };
		CFBED2E916F46C9100614188 /* basedir.h */ = {isa = PBXFileReference; fileEncoding = 4; lastKnownFileType = sourcecode.c.h; path = basedir.h; sourceTree = "<group>"; };
		CFBED2EA16F46C9100614188 /* bits16.h */ = {isa = PBXFileReference; fileEncoding = 4; lastKnownFileType = sourcecode.c.h; path = bits16.h; sourceTree = "<group>"; };
		CFBED2EB16F46C9100614188 /* bitvector.h */ = {isa = PBXFileReference; fileEncoding = 4; lastKnownFileType = sourcecode.c.h; path = bitvector.h; sourceTree = "<group>"; };
		CFBED2EC16F46C9100614188 /* blckerr.h */ = {isa = PBXFileReference; fileEncoding = 4; lastKnownFileType = sourcecode.c.h; path = blckerr.h; sourceTree = "<group>"; };
		CFBED2ED16F46C9100614188 /* blobbox.h */ = {isa = PBXFileReference; fileEncoding = 4; lastKnownFileType = sourcecode.c.h; path = blobbox.h; sourceTree = "<group>"; };
		CFBED2EE16F46C9100614188 /* blobs.h */ = {isa = PBXFileReference; fileEncoding = 4; lastKnownFileType = sourcecode.c.h; path = blobs.h; sourceTree = "<group>"; };
		CFBED2EF16F46C9100614188 /* blread.h */ = {isa = PBXFileReference; fileEncoding = 4; lastKnownFileType = sourcecode.c.h; path = blread.h; sourceTree = "<group>"; };
		CFBED2F016F46C9100614188 /* boxread.h */ = {isa = PBXFileReference; fileEncoding = 4; lastKnownFileType = sourcecode.c.h; path = boxread.h; sourceTree = "<group>"; };
		CFBED2F116F46C9100614188 /* boxword.h */ = {isa = PBXFileReference; fileEncoding = 4; lastKnownFileType = sourcecode.c.h; path = boxword.h; sourceTree = "<group>"; };
		CFBED2F216F46C9100614188 /* capi.h */ = {isa = PBXFileReference; fileEncoding = 4; lastKnownFileType = sourcecode.c.h; path = capi.h; sourceTree = "<group>"; };
		CFBED2F316F46C9100614188 /* ccstruct.h */ = {isa = PBXFileReference; fileEncoding = 4; lastKnownFileType = sourcecode.c.h; path = ccstruct.h; sourceTree = "<group>"; };
		CFBED2F416F46C9100614188 /* ccutil.h */ = {isa = PBXFileReference; fileEncoding = 4; lastKnownFileType = sourcecode.c.h; path = ccutil.h; sourceTree = "<group>"; };
		CFBED2F516F46C9100614188 /* clst.h */ = {isa = PBXFileReference; fileEncoding = 4; lastKnownFileType = sourcecode.c.h; path = clst.h; sourceTree = "<group>"; };
		CFBED2F616F46C9100614188 /* control.h */ = {isa = PBXFileReference; fileEncoding = 4; lastKnownFileType = sourcecode.c.h; path = control.h; sourceTree = "<group>"; };
		CFBED2F716F46C9100614188 /* coutln.h */ = {isa = PBXFileReference; fileEncoding = 4; lastKnownFileType = sourcecode.c.h; path = coutln.h; sourceTree = "<group>"; };
		CFBED2F816F46C9100614188 /* crakedge.h */ = {isa = PBXFileReference; fileEncoding = 4; lastKnownFileType = sourcecode.c.h; path = crakedge.h; sourceTree = "<group>"; };
		CFBED2F916F46C9100614188 /* cube_reco_context.h */ = {isa = PBXFileReference; fileEncoding = 4; lastKnownFileType = sourcecode.c.h; path = cube_reco_context.h; sourceTree = "<group>"; };
		CFBED2FA16F46C9100614188 /* cubeclassifier.h */ = {isa = PBXFileReference; fileEncoding = 4; lastKnownFileType = sourcecode.c.h; path = cubeclassifier.h; sourceTree = "<group>"; };
		CFBED2FB16F46C9100614188 /* detlinefit.h */ = {isa = PBXFileReference; fileEncoding = 4; lastKnownFileType = sourcecode.c.h; path = detlinefit.h; sourceTree = "<group>"; };
		CFBED2FC16F46C9100614188 /* docqual.h */ = {isa = PBXFileReference; fileEncoding = 4; lastKnownFileType = sourcecode.c.h; path = docqual.h; sourceTree = "<group>"; };
		CFBED2FD16F46C9100614188 /* dppoint.h */ = {isa = PBXFileReference; fileEncoding = 4; lastKnownFileType = sourcecode.c.h; path = dppoint.h; sourceTree = "<group>"; };
		CFBED2FE16F46C9100614188 /* elst.h */ = {isa = PBXFileReference; fileEncoding = 4; lastKnownFileType = sourcecode.c.h; path = elst.h; sourceTree = "<group>"; };
		CFBED2FF16F46C9100614188 /* elst2.h */ = {isa = PBXFileReference; fileEncoding = 4; lastKnownFileType = sourcecode.c.h; path = elst2.h; sourceTree = "<group>"; };
		CFBED30016F46C9100614188 /* equationdetect.h */ = {isa = PBXFileReference; fileEncoding = 4; lastKnownFileType = sourcecode.c.h; path = equationdetect.h; sourceTree = "<group>"; };
		CFBED30116F46C9100614188 /* errcode.h */ = {isa = PBXFileReference; fileEncoding = 4; lastKnownFileType = sourcecode.c.h; path = errcode.h; sourceTree = "<group>"; };
		CFBED30216F46C9100614188 /* fileerr.h */ = {isa = PBXFileReference; fileEncoding = 4; lastKnownFileType = sourcecode.c.h; path = fileerr.h; sourceTree = "<group>"; };
		CFBED30316F46C9100614188 /* fixspace.h */ = {isa = PBXFileReference; fileEncoding = 4; lastKnownFileType = sourcecode.c.h; path = fixspace.h; sourceTree = "<group>"; };
		CFBED30416F46C9100614188 /* fontinfo.h */ = {isa = PBXFileReference; fileEncoding = 4; lastKnownFileType = sourcecode.c.h; path = fontinfo.h; sourceTree = "<group>"; };
		CFBED30516F46C9100614188 /* genblob.h */ = {isa = PBXFileReference; fileEncoding = 4; lastKnownFileType = sourcecode.c.h; path = genblob.h; sourceTree = "<group>"; };
		CFBED30616F46C9100614188 /* genericvector.h */ = {isa = PBXFileReference; fileEncoding = 4; lastKnownFileType = sourcecode.c.h; path = genericvector.h; sourceTree = "<group>"; };
		CFBED30716F46C9100614188 /* globaloc.h */ = {isa = PBXFileReference; fileEncoding = 4; lastKnownFileType = sourcecode.c.h; path = globaloc.h; sourceTree = "<group>"; };
		CFBED30816F46C9100614188 /* hashfn.h */ = {isa = PBXFileReference; fileEncoding = 4; lastKnownFileType = sourcecode.c.h; path = hashfn.h; sourceTree = "<group>"; };
		CFBED30916F46C9100614188 /* helpers.h */ = {isa = PBXFileReference; fileEncoding = 4; lastKnownFileType = sourcecode.c.h; path = helpers.h; sourceTree = "<group>"; };
		CFBED30A16F46C9100614188 /* host.h */ = {isa = PBXFileReference; fileEncoding = 4; lastKnownFileType = sourcecode.c.h; path = host.h; sourceTree = "<group>"; };
		CFBED30B16F46C9100614188 /* hosthplb.h */ = {isa = PBXFileReference; fileEncoding = 4; lastKnownFileType = sourcecode.c.h; path = hosthplb.h; sourceTree = "<group>"; };
		CFBED30C16F46C9100614188 /* hpddef.h */ = {isa = PBXFileReference; fileEncoding = 4; lastKnownFileType = sourcecode.c.h; path = hpddef.h; sourceTree = "<group>"; };
		CFBED30D16F46C9100614188 /* hpdsizes.h */ = {isa = PBXFileReference; fileEncoding = 4; lastKnownFileType = sourcecode.c.h; path = hpdsizes.h; sourceTree = "<group>"; };
		CFBED30E16F46C9100614188 /* imgscale.h */ = {isa = PBXFileReference; fileEncoding = 4; lastKnownFileType = sourcecode.c.h; path = imgscale.h; sourceTree = "<group>"; };
		CFBED30F16F46C9100614188 /* indexmapbidi.h */ = {isa = PBXFileReference; fileEncoding = 4; lastKnownFileType = sourcecode.c.h; path = indexmapbidi.h; sourceTree = "<group>"; };
		CFBED31016F46C9100614188 /* ipoints.h */ = {isa = PBXFileReference; fileEncoding = 4; lastKnownFileType = sourcecode.c.h; path = ipoints.h; sourceTree = "<group>"; };
		CFBED31116F46C9100614188 /* linlsq.h */ = {isa = PBXFileReference; fileEncoding = 4; lastKnownFileType = sourcecode.c.h; path = linlsq.h; sourceTree = "<group>"; };
		CFBED31216F46C9100614188 /* lsterr.h */ = {isa = PBXFileReference; fileEncoding = 4; lastKnownFileType = sourcecode.c.h; path = lsterr.h; sourceTree = "<group>"; };
		CFBED31316F46C9100614188 /* ltrresultiterator.h */ = {isa = PBXFileReference; fileEncoding = 4; lastKnownFileType = sourcecode.c.h; path = ltrresultiterator.h; sourceTree = "<group>"; };
		CFBED31416F46C9100614188 /* matrix.h */ = {isa = PBXFileReference; fileEncoding = 4; lastKnownFileType = sourcecode.c.h; path = matrix.h; sourceTree = "<group>"; };
		CFBED31516F46C9100614188 /* memry.h */ = {isa = PBXFileReference; fileEncoding = 4; lastKnownFileType = sourcecode.c.h; path = memry.h; sourceTree = "<group>"; };
		CFBED31616F46C9100614188 /* mfcpch.h */ = {isa = PBXFileReference; fileEncoding = 4; lastKnownFileType = sourcecode.c.h; path = mfcpch.h; sourceTree = "<group>"; };
		CFBED31716F46C9100614188 /* mod128.h */ = {isa = PBXFileReference; fileEncoding = 4; lastKnownFileType = sourcecode.c.h; path = mod128.h; sourceTree = "<group>"; };
		CFBED31816F46C9100614188 /* mutableiterator.h */ = {isa = PBXFileReference; fileEncoding = 4; lastKnownFileType = sourcecode.c.h; path = mutableiterator.h; sourceTree = "<group>"; };
		CFBED31916F46C9100614188 /* ndminx.h */ = {isa = PBXFileReference; fileEncoding = 4; lastKnownFileType = sourcecode.c.h; path = ndminx.h; sourceTree = "<group>"; };
		CFBED31A16F46C9100614188 /* normalis.h */ = {isa = PBXFileReference; fileEncoding = 4; lastKnownFileType = sourcecode.c.h; path = normalis.h; sourceTree = "<group>"; };
		CFBED31B16F46C9100614188 /* notdll.h */ = {isa = PBXFileReference; fileEncoding = 4; lastKnownFileType = sourcecode.c.h; path = notdll.h; sourceTree = "<group>"; };
		CFBED31C16F46C9100614188 /* nwmain.h */ = {isa = PBXFileReference; fileEncoding = 4; lastKnownFileType = sourcecode.c.h; path = nwmain.h; sourceTree = "<group>"; };
		CFBED31D16F46C9100614188 /* ocrblock.h */ = {isa = PBXFileReference; fileEncoding = 4; lastKnownFileType = sourcecode.c.h; path = ocrblock.h; sourceTree = "<group>"; };
		CFBED31E16F46C9100614188 /* ocrclass.h */ = {isa = PBXFileReference; fileEncoding = 4; lastKnownFileType = sourcecode.c.h; path = ocrclass.h; sourceTree = "<group>"; };
		CFBED31F16F46C9100614188 /* ocrpara.h */ = {isa = PBXFileReference; fileEncoding = 4; lastKnownFileType = sourcecode.c.h; path = ocrpara.h; sourceTree = "<group>"; };
		CFBED32016F46C9100614188 /* ocrrow.h */ = {isa = PBXFileReference; fileEncoding = 4; lastKnownFileType = sourcecode.c.h; path = ocrrow.h; sourceTree = "<group>"; };
		CFBED32116F46C9100614188 /* osdetect.h */ = {isa = PBXFileReference; fileEncoding = 4; lastKnownFileType = sourcecode.c.h; path = osdetect.h; sourceTree = "<group>"; };
		CFBED32216F46C9100614188 /* otsuthr.h */ = {isa = PBXFileReference; fileEncoding = 4; lastKnownFileType = sourcecode.c.h; path = otsuthr.h; sourceTree = "<group>"; };
		CFBED32316F46C9100614188 /* output.h */ = {isa = PBXFileReference; fileEncoding = 4; lastKnownFileType = sourcecode.c.h; path = output.h; sourceTree = "<group>"; };
		CFBED32416F46C9100614188 /* pageiterator.h */ = {isa = PBXFileReference; fileEncoding = 4; lastKnownFileType = sourcecode.c.h; path = pageiterator.h; sourceTree = "<group>"; };
		CFBED32516F46C9100614188 /* pageres.h */ = {isa = PBXFileReference; fileEncoding = 4; lastKnownFileType = sourcecode.c.h; path = pageres.h; sourceTree = "<group>"; };
		CFBED32616F46C9100614188 /* paragraphs.h */ = {isa = PBXFileReference; fileEncoding = 4; lastKnownFileType = sourcecode.c.h; path = paragraphs.h; sourceTree = "<group>"; };
		CFBED32716F46C9100614188 /* paragraphs_internal.h */ = {isa = PBXFileReference; fileEncoding = 4; lastKnownFileType = sourcecode.c.h; path = paragraphs_internal.h; sourceTree = "<group>"; };
		CFBED32816F46C9100614188 /* params.h */ = {isa = PBXFileReference; fileEncoding = 4; lastKnownFileType = sourcecode.c.h; path = params.h; sourceTree = "<group>"; };
		CFBED32916F46C9100614188 /* params_training_featdef.h */ = {isa = PBXFileReference; fileEncoding = 4; lastKnownFileType = sourcecode.c.h; path = params_training_featdef.h; sourceTree = "<group>"; };
		CFBED32A16F46C9100614188 /* paramsd.h */ = {isa = PBXFileReference; fileEncoding = 4; lastKnownFileType = sourcecode.c.h; path = paramsd.h; sourceTree = "<group>"; };
		CFBED32B16F46C9100614188 /* pdblock.h */ = {isa = PBXFileReference; fileEncoding = 4; lastKnownFileType = sourcecode.c.h; path = pdblock.h; sourceTree = "<group>"; };
		CFBED32C16F46C9100614188 /* pgedit.h */ = {isa = PBXFileReference; fileEncoding = 4; lastKnownFileType = sourcecode.c.h; path = pgedit.h; sourceTree = "<group>"; };
		CFBED32D16F46C9100614188 /* platform.h */ = {isa = PBXFileReference; fileEncoding = 4; lastKnownFileType = sourcecode.c.h; path = platform.h; sourceTree = "<group>"; };
		CFBED32E16F46C9100614188 /* points.h */ = {isa = PBXFileReference; fileEncoding = 4; lastKnownFileType = sourcecode.c.h; path = points.h; sourceTree = "<group>"; };
		CFBED32F16F46C9100614188 /* polyaprx.h */ = {isa = PBXFileReference; fileEncoding = 4; lastKnownFileType = sourcecode.c.h; path = polyaprx.h; sourceTree = "<group>"; };
		CFBED33016F46C9100614188 /* polyblk.h */ = {isa = PBXFileReference; fileEncoding = 4; lastKnownFileType = sourcecode.c.h; path = polyblk.h; sourceTree = "<group>"; };
		CFBED33116F46C9100614188 /* publictypes.h */ = {isa = PBXFileReference; fileEncoding = 4; lastKnownFileType = sourcecode.c.h; path = publictypes.h; sourceTree = "<group>"; };
		CFBED33216F46C9100614188 /* qrsequence.h */ = {isa = PBXFileReference; fileEncoding = 4; lastKnownFileType = sourcecode.c.h; path = qrsequence.h; sourceTree = "<group>"; };
		CFBED33316F46C9100614188 /* quadlsq.h */ = {isa = PBXFileReference; fileEncoding = 4; lastKnownFileType = sourcecode.c.h; path = quadlsq.h; sourceTree = "<group>"; };
		CFBED33416F46C9100614188 /* quadratc.h */ = {isa = PBXFileReference; fileEncoding = 4; lastKnownFileType = sourcecode.c.h; path = quadratc.h; sourceTree = "<group>"; };
		CFBED33516F46C9100614188 /* quspline.h */ = {isa = PBXFileReference; fileEncoding = 4; lastKnownFileType = sourcecode.c.h; path = quspline.h; sourceTree = "<group>"; };
		CFBED33616F46C9100614188 /* ratngs.h */ = {isa = PBXFileReference; fileEncoding = 4; lastKnownFileType = sourcecode.c.h; path = ratngs.h; sourceTree = "<group>"; };
		CFBED33716F46C9100614188 /* rect.h */ = {isa = PBXFileReference; fileEncoding = 4; lastKnownFileType = sourcecode.c.h; path = rect.h; sourceTree = "<group>"; };
		CFBED33816F46C9100614188 /* rejctmap.h */ = {isa = PBXFileReference; fileEncoding = 4; lastKnownFileType = sourcecode.c.h; path = rejctmap.h; sourceTree = "<group>"; };
		CFBED33916F46C9100614188 /* reject.h */ = {isa = PBXFileReference; fileEncoding = 4; lastKnownFileType = sourcecode.c.h; path = reject.h; sourceTree = "<group>"; };
		CFBED33A16F46C9100614188 /* resultiterator.h */ = {isa = PBXFileReference; fileEncoding = 4; lastKnownFileType = sourcecode.c.h; path = resultiterator.h; sourceTree = "<group>"; };
		CFBED33B16F46C9100614188 /* scaleimg.h */ = {isa = PBXFileReference; fileEncoding = 4; lastKnownFileType = sourcecode.c.h; path = scaleimg.h; sourceTree = "<group>"; };
		CFBED33C16F46C9100614188 /* scanutils.h */ = {isa = PBXFileReference; fileEncoding = 4; lastKnownFileType = sourcecode.c.h; path = scanutils.h; sourceTree = "<group>"; };
		CFBED33D16F46C9100614188 /* seam.h */ = {isa = PBXFileReference; fileEncoding = 4; lastKnownFileType = sourcecode.c.h; path = seam.h; sourceTree = "<group>"; };
		CFBED33E16F46C9100614188 /* secname.h */ = {isa = PBXFileReference; fileEncoding = 4; lastKnownFileType = sourcecode.c.h; path = secname.h; sourceTree = "<group>"; };
		CFBED33F16F46C9100614188 /* serialis.h */ = {isa = PBXFileReference; fileEncoding = 4; lastKnownFileType = sourcecode.c.h; path = serialis.h; sourceTree = "<group>"; };
		CFBED34016F46C9100614188 /* sorthelper.h */ = {isa = PBXFileReference; fileEncoding = 4; lastKnownFileType = sourcecode.c.h; path = sorthelper.h; sourceTree = "<group>"; };
		CFBED34116F46C9100614188 /* split.h */ = {isa = PBXFileReference; fileEncoding = 4; lastKnownFileType = sourcecode.c.h; path = split.h; sourceTree = "<group>"; };
		CFBED34216F46C9100614188 /* statistc.h */ = {isa = PBXFileReference; fileEncoding = 4; lastKnownFileType = sourcecode.c.h; path = statistc.h; sourceTree = "<group>"; };
		CFBED34316F46C9100614188 /* stderr.h */ = {isa = PBXFileReference; fileEncoding = 4; lastKnownFileType = sourcecode.c.h; path = stderr.h; sourceTree = "<group>"; };
		CFBED34416F46C9100614188 /* stepblob.h */ = {isa = PBXFileReference; fileEncoding = 4; lastKnownFileType = sourcecode.c.h; path = stepblob.h; sourceTree = "<group>"; };
		CFBED34516F46C9100614188 /* strngs.h */ = {isa = PBXFileReference; fileEncoding = 4; lastKnownFileType = sourcecode.c.h; path = strngs.h; sourceTree = "<group>"; };
		CFBED34616F46C9100614188 /* tessbox.h */ = {isa = PBXFileReference; fileEncoding = 4; lastKnownFileType = sourcecode.c.h; path = tessbox.h; sourceTree = "<group>"; };
		CFBED34716F46C9100614188 /* tesscallback.h */ = {isa = PBXFileReference; fileEncoding = 4; lastKnownFileType = sourcecode.c.h; path = tesscallback.h; sourceTree = "<group>"; };
		CFBED34816F46C9100614188 /* tessdatamanager.h */ = {isa = PBXFileReference; fileEncoding = 4; lastKnownFileType = sourcecode.c.h; path = tessdatamanager.h; sourceTree = "<group>"; };
		CFBED34916F46C9100614188 /* tessedit.h */ = {isa = PBXFileReference; fileEncoding = 4; lastKnownFileType = sourcecode.c.h; path = tessedit.h; sourceTree = "<group>"; };
		CFBED34A16F46C9100614188 /* tesseract_cube_combiner.h */ = {isa = PBXFileReference; fileEncoding = 4; lastKnownFileType = sourcecode.c.h; path = tesseract_cube_combiner.h; sourceTree = "<group>"; };
		CFBED34B16F46C9100614188 /* tesseractclass.h */ = {isa = PBXFileReference; fileEncoding = 4; lastKnownFileType = sourcecode.c.h; path = tesseractclass.h; sourceTree = "<group>"; };
		CFBED34C16F46C9100614188 /* tesseractmain.h */ = {isa = PBXFileReference; fileEncoding = 4; lastKnownFileType = sourcecode.c.h; path = tesseractmain.h; sourceTree = "<group>"; };
		CFBED34D16F46C9100614188 /* tessvars.h */ = {isa = PBXFileReference; fileEncoding = 4; lastKnownFileType = sourcecode.c.h; path = tessvars.h; sourceTree = "<group>"; };
		CFBED34E16F46C9100614188 /* tfacep.h */ = {isa = PBXFileReference; fileEncoding = 4; lastKnownFileType = sourcecode.c.h; path = tfacep.h; sourceTree = "<group>"; };
		CFBED34F16F46C9100614188 /* tfacepp.h */ = {isa = PBXFileReference; fileEncoding = 4; lastKnownFileType = sourcecode.c.h; path = tfacepp.h; sourceTree = "<group>"; };
		CFBED35016F46C9100614188 /* thresholder.h */ = {isa = PBXFileReference; fileEncoding = 4; lastKnownFileType = sourcecode.c.h; path = thresholder.h; sourceTree = "<group>"; };
		CFBED35116F46C9100614188 /* tprintf.h */ = {isa = PBXFileReference; fileEncoding = 4; lastKnownFileType = sourcecode.c.h; path = tprintf.h; sourceTree = "<group>"; };
		CFBED35216F46C9100614188 /* unichar.h */ = {isa = PBXFileReference; fileEncoding = 4; lastKnownFileType = sourcecode.c.h; path = unichar.h; sourceTree = "<group>"; };
		CFBED35316F46C9100614188 /* unicharmap.h */ = {isa = PBXFileReference; fileEncoding = 4; lastKnownFileType = sourcecode.c.h; path = unicharmap.h; sourceTree = "<group>"; };
		CFBED35416F46C9100614188 /* unicharset.h */ = {isa = PBXFileReference; fileEncoding = 4; lastKnownFileType = sourcecode.c.h; path = unicharset.h; sourceTree = "<group>"; };
		CFBED35516F46C9100614188 /* unicity_table.h */ = {isa = PBXFileReference; fileEncoding = 4; lastKnownFileType = sourcecode.c.h; path = unicity_table.h; sourceTree = "<group>"; };
		CFBED35616F46C9100614188 /* unicodes.h */ = {isa = PBXFileReference; fileEncoding = 4; lastKnownFileType = sourcecode.c.h; path = unicodes.h; sourceTree = "<group>"; };
		CFBED35716F46C9100614188 /* vecfuncs.h */ = {isa = PBXFileReference; fileEncoding = 4; lastKnownFileType = sourcecode.c.h; path = vecfuncs.h; sourceTree = "<group>"; };
		CFBED35816F46C9100614188 /* werd.h */ = {isa = PBXFileReference; fileEncoding = 4; lastKnownFileType = sourcecode.c.h; path = werd.h; sourceTree = "<group>"; };
		CFBED35916F46C9100614188 /* werdit.h */ = {isa = PBXFileReference; fileEncoding = 4; lastKnownFileType = sourcecode.c.h; path = werdit.h; sourceTree = "<group>"; };
		CFBED35B16F46C9100614188 /* liblept.a */ = {isa = PBXFileReference; lastKnownFileType = archive.ar; path = liblept.a; sourceTree = "<group>"; };
		CFBED35C16F46C9100614188 /* libtesseract_all.a */ = {isa = PBXFileReference; lastKnownFileType = archive.ar; path = libtesseract_all.a; sourceTree = "<group>"; };
		CFBED35D16F46C9100614188 /* README.md */ = {isa = PBXFileReference; fileEncoding = 4; lastKnownFileType = text; path = README.md; sourceTree = "<group>"; };
		CFBED36116F46D1000614188 /* tessdata */ = {isa = PBXFileReference; lastKnownFileType = folder; path = tessdata; sourceTree = "<group>"; };
		CFBED36316F46D9100614188 /* MBProgressHUD.h */ = {isa = PBXFileReference; fileEncoding = 4; lastKnownFileType = sourcecode.c.h; path = MBProgressHUD.h; sourceTree = "<group>"; };
		CFBED36416F46D9100614188 /* MBProgressHUD.mm */ = {isa = PBXFileReference; fileEncoding = 4; lastKnownFileType = sourcecode.cpp.objcpp; path = MBProgressHUD.mm; sourceTree = "<group>"; };
		CFCFC66F16F393D60076D956 /* AnnotationModel.h */ = {isa = PBXFileReference; fileEncoding = 4; lastKnownFileType = sourcecode.c.h; path = AnnotationModel.h; sourceTree = "<group>"; };
		CFCFC67016F393D60076D956 /* AnnotationModel.mm */ = {isa = PBXFileReference; fileEncoding = 4; lastKnownFileType = sourcecode.cpp.objcpp; path = AnnotationModel.mm; sourceTree = "<group>"; };
		CFCFC67416F3996B0076D956 /* iPhoneViewController.h */ = {isa = PBXFileReference; fileEncoding = 4; lastKnownFileType = sourcecode.c.h; path = iPhoneViewController.h; sourceTree = "<group>"; };
		CFCFC67516F3996B0076D956 /* iPhoneViewController.mm */ = {isa = PBXFileReference; fileEncoding = 4; lastKnownFileType = sourcecode.cpp.objcpp; path = iPhoneViewController.mm; sourceTree = "<group>"; };
		CFDA4F5716F3090200ADC65F /* AnnotDetailViewController.h */ = {isa = PBXFileReference; fileEncoding = 4; lastKnownFileType = sourcecode.c.h; path = AnnotDetailViewController.h; sourceTree = "<group>"; };
		CFDA4F5816F3090200ADC65F /* AnnotDetailViewController.mm */ = {isa = PBXFileReference; fileEncoding = 4; lastKnownFileType = sourcecode.cpp.objcpp; path = AnnotDetailViewController.mm; sourceTree = "<group>"; };
/* End PBXFileReference section */

/* Begin PBXFrameworksBuildPhase section */
		CF68DE2316F0F33F00A8E1AB /* Frameworks */ = {
			isa = PBXFrameworksBuildPhase;
			buildActionMask = 2147483647;
			files = (
				CF68DE2A16F0F33F00A8E1AB /* UIKit.framework in Frameworks */,
				CF68DE2C16F0F33F00A8E1AB /* Foundation.framework in Frameworks */,
				CF68DE2E16F0F33F00A8E1AB /* CoreGraphics.framework in Frameworks */,
				CFBED35E16F46C9100614188 /* liblept.a in Frameworks */,
				CFBED35F16F46C9100614188 /* libtesseract_all.a in Frameworks */,
			);
			runOnlyForDeploymentPostprocessing = 0;
		};
/* End PBXFrameworksBuildPhase section */

/* Begin PBXGroup section */
		CF68DE1D16F0F33F00A8E1AB = {
			isa = PBXGroup;
			children = (
				CF68DE2F16F0F33F00A8E1AB /* SplitView */,
				CF68DE2816F0F33F00A8E1AB /* Frameworks */,
				CF68DE2716F0F33F00A8E1AB /* Products */,
			);
			sourceTree = "<group>";
		};
		CF68DE2716F0F33F00A8E1AB /* Products */ = {
			isa = PBXGroup;
			children = (
				CF68DE2616F0F33F00A8E1AB /* SplitView.app */,
			);
			name = Products;
			sourceTree = "<group>";
		};
		CF68DE2816F0F33F00A8E1AB /* Frameworks */ = {
			isa = PBXGroup;
			children = (
				CF68DE2916F0F33F00A8E1AB /* UIKit.framework */,
				CF68DE2B16F0F33F00A8E1AB /* Foundation.framework */,
				CF68DE2D16F0F33F00A8E1AB /* CoreGraphics.framework */,
			);
			name = Frameworks;
			sourceTree = "<group>";
		};
		CF68DE2F16F0F33F00A8E1AB /* SplitView */ = {
			isa = PBXGroup;
			children = (
				CFBED36716F4715E00614188 /* Libraries */,
				CFBED36616F4713400614188 /* Classes */,
				CFCFC67316F397B20076D956 /* iPadViewControllers */,
				CF68DE3816F0F33F00A8E1AB /* AppDelegate.h */,
				CF68DE3916F0F33F00A8E1AB /* AppDelegate.mm */,
				CF68DE5B16F0FADF00A8E1AB /* MainStoryboard_iPad.storyboard */,
				CF68DE4116F0F33F00A8E1AB /* MainStoryboard_iPhone.storyboard */,
				CF68DE3016F0F33F00A8E1AB /* Supporting Files */,
				CFCFC67216F397940076D956 /* Models */,
				CFCFC67416F3996B0076D956 /* iPhoneViewController.h */,
				CFCFC67516F3996B0076D956 /* iPhoneViewController.mm */,
			);
			path = SplitView;
			sourceTree = "<group>";
		};
		CF68DE3016F0F33F00A8E1AB /* Supporting Files */ = {
			isa = PBXGroup;
			children = (
				CF68DE3116F0F33F00A8E1AB /* SplitView-Info.plist */,
				CF68DE3216F0F33F00A8E1AB /* InfoPlist.strings */,
				CF68DE3516F0F33F00A8E1AB /* main.m */,
				CF68DE3716F0F33F00A8E1AB /* SplitView-Prefix.pch */,
				CF68DE3B16F0F33F00A8E1AB /* Default.png */,
				CF68DE3D16F0F33F00A8E1AB /* Default@2x.png */,
				CF68DE3F16F0F33F00A8E1AB /* Default-568h@2x.png */,
			);
			name = "Supporting Files";
			sourceTree = "<group>";
		};
		CFBED2C716F46C9000614188 /* dependencies */ = {
			isa = PBXGroup;
			children = (
				CFBED2C816F46C9100614188 /* include */,
				CFBED35A16F46C9100614188 /* lib */,
				CFBED35D16F46C9100614188 /* README.md */,
			);
			name = dependencies;
			path = build/dependencies;
			sourceTree = "<group>";
		};
		CFBED2C816F46C9100614188 /* include */ = {
			isa = PBXGroup;
			children = (
				CFBED2C916F46C9100614188 /* leptonica */,
				CFBED2E516F46C9100614188 /* tesseract */,
			);
			path = include;
			sourceTree = "<group>";
		};
		CFBED2C916F46C9100614188 /* leptonica */ = {
			isa = PBXGroup;
			children = (
				CFBED2CA16F46C9100614188 /* allheaders.h */,
				CFBED2CB16F46C9100614188 /* alltypes.h */,
				CFBED2CC16F46C9100614188 /* array.h */,
				CFBED2CD16F46C9100614188 /* arrayaccess.h */,
				CFBED2CE16F46C9100614188 /* bbuffer.h */,
				CFBED2CF16F46C9100614188 /* bmf.h */,
				CFBED2D016F46C9100614188 /* bmp.h */,
				CFBED2D116F46C9100614188 /* ccbord.h */,
				CFBED2D216F46C9100614188 /* dewarp.h */,
				CFBED2D316F46C9100614188 /* endianness.h */,
				CFBED2D416F46C9100614188 /* environ.h */,
				CFBED2D516F46C9100614188 /* freetype.h */,
				CFBED2D616F46C9100614188 /* gplot.h */,
				CFBED2D716F46C9100614188 /* heap.h */,
				CFBED2D816F46C9100614188 /* imageio.h */,
				CFBED2D916F46C9100614188 /* jbclass.h */,
				CFBED2DA16F46C9100614188 /* leptwin.h */,
				CFBED2DB16F46C9100614188 /* list.h */,
				CFBED2DC16F46C9100614188 /* morph.h */,
				CFBED2DD16F46C9100614188 /* pix.h */,
				CFBED2DE16F46C9100614188 /* ptra.h */,
				CFBED2DF16F46C9100614188 /* queue.h */,
				CFBED2E016F46C9100614188 /* readbarcode.h */,
				CFBED2E116F46C9100614188 /* regutils.h */,
				CFBED2E216F46C9100614188 /* stack.h */,
				CFBED2E316F46C9100614188 /* sudoku.h */,
				CFBED2E416F46C9100614188 /* watershed.h */,
			);
			path = leptonica;
			sourceTree = "<group>";
		};
		CFBED2E516F46C9100614188 /* tesseract */ = {
			isa = PBXGroup;
			children = (
				CFBED2E616F46C9100614188 /* ambigs.h */,
				CFBED2E716F46C9100614188 /* apitypes.h */,
				CFBED2E816F46C9100614188 /* baseapi.h */,
				CFBED2E916F46C9100614188 /* basedir.h */,
				CFBED2EA16F46C9100614188 /* bits16.h */,
				CFBED2EB16F46C9100614188 /* bitvector.h */,
				CFBED2EC16F46C9100614188 /* blckerr.h */,
				CFBED2ED16F46C9100614188 /* blobbox.h */,
				CFBED2EE16F46C9100614188 /* blobs.h */,
				CFBED2EF16F46C9100614188 /* blread.h */,
				CFBED2F016F46C9100614188 /* boxread.h */,
				CFBED2F116F46C9100614188 /* boxword.h */,
				CFBED2F216F46C9100614188 /* capi.h */,
				CFBED2F316F46C9100614188 /* ccstruct.h */,
				CFBED2F416F46C9100614188 /* ccutil.h */,
				CFBED2F516F46C9100614188 /* clst.h */,
				CFBED2F616F46C9100614188 /* control.h */,
				CFBED2F716F46C9100614188 /* coutln.h */,
				CFBED2F816F46C9100614188 /* crakedge.h */,
				CFBED2F916F46C9100614188 /* cube_reco_context.h */,
				CFBED2FA16F46C9100614188 /* cubeclassifier.h */,
				CFBED2FB16F46C9100614188 /* detlinefit.h */,
				CFBED2FC16F46C9100614188 /* docqual.h */,
				CFBED2FD16F46C9100614188 /* dppoint.h */,
				CFBED2FE16F46C9100614188 /* elst.h */,
				CFBED2FF16F46C9100614188 /* elst2.h */,
				CFBED30016F46C9100614188 /* equationdetect.h */,
				CFBED30116F46C9100614188 /* errcode.h */,
				CFBED30216F46C9100614188 /* fileerr.h */,
				CFBED30316F46C9100614188 /* fixspace.h */,
				CFBED30416F46C9100614188 /* fontinfo.h */,
				CFBED30516F46C9100614188 /* genblob.h */,
				CFBED30616F46C9100614188 /* genericvector.h */,
				CFBED30716F46C9100614188 /* globaloc.h */,
				CFBED30816F46C9100614188 /* hashfn.h */,
				CFBED30916F46C9100614188 /* helpers.h */,
				CFBED30A16F46C9100614188 /* host.h */,
				CFBED30B16F46C9100614188 /* hosthplb.h */,
				CFBED30C16F46C9100614188 /* hpddef.h */,
				CFBED30D16F46C9100614188 /* hpdsizes.h */,
				CFBED30E16F46C9100614188 /* imgscale.h */,
				CFBED30F16F46C9100614188 /* indexmapbidi.h */,
				CFBED31016F46C9100614188 /* ipoints.h */,
				CFBED31116F46C9100614188 /* linlsq.h */,
				CFBED31216F46C9100614188 /* lsterr.h */,
				CFBED31316F46C9100614188 /* ltrresultiterator.h */,
				CFBED31416F46C9100614188 /* matrix.h */,
				CFBED31516F46C9100614188 /* memry.h */,
				CFBED31616F46C9100614188 /* mfcpch.h */,
				CFBED31716F46C9100614188 /* mod128.h */,
				CFBED31816F46C9100614188 /* mutableiterator.h */,
				CFBED31916F46C9100614188 /* ndminx.h */,
				CFBED31A16F46C9100614188 /* normalis.h */,
				CFBED31B16F46C9100614188 /* notdll.h */,
				CFBED31C16F46C9100614188 /* nwmain.h */,
				CFBED31D16F46C9100614188 /* ocrblock.h */,
				CFBED31E16F46C9100614188 /* ocrclass.h */,
				CFBED31F16F46C9100614188 /* ocrpara.h */,
				CFBED32016F46C9100614188 /* ocrrow.h */,
				CFBED32116F46C9100614188 /* osdetect.h */,
				CFBED32216F46C9100614188 /* otsuthr.h */,
				CFBED32316F46C9100614188 /* output.h */,
				CFBED32416F46C9100614188 /* pageiterator.h */,
				CFBED32516F46C9100614188 /* pageres.h */,
				CFBED32616F46C9100614188 /* paragraphs.h */,
				CFBED32716F46C9100614188 /* paragraphs_internal.h */,
				CFBED32816F46C9100614188 /* params.h */,
				CFBED32916F46C9100614188 /* params_training_featdef.h */,
				CFBED32A16F46C9100614188 /* paramsd.h */,
				CFBED32B16F46C9100614188 /* pdblock.h */,
				CFBED32C16F46C9100614188 /* pgedit.h */,
				CFBED32D16F46C9100614188 /* platform.h */,
				CFBED32E16F46C9100614188 /* points.h */,
				CFBED32F16F46C9100614188 /* polyaprx.h */,
				CFBED33016F46C9100614188 /* polyblk.h */,
				CFBED33116F46C9100614188 /* publictypes.h */,
				CFBED33216F46C9100614188 /* qrsequence.h */,
				CFBED33316F46C9100614188 /* quadlsq.h */,
				CFBED33416F46C9100614188 /* quadratc.h */,
				CFBED33516F46C9100614188 /* quspline.h */,
				CFBED33616F46C9100614188 /* ratngs.h */,
				CFBED33716F46C9100614188 /* rect.h */,
				CFBED33816F46C9100614188 /* rejctmap.h */,
				CFBED33916F46C9100614188 /* reject.h */,
				CFBED33A16F46C9100614188 /* resultiterator.h */,
				CFBED33B16F46C9100614188 /* scaleimg.h */,
				CFBED33C16F46C9100614188 /* scanutils.h */,
				CFBED33D16F46C9100614188 /* seam.h */,
				CFBED33E16F46C9100614188 /* secname.h */,
				CFBED33F16F46C9100614188 /* serialis.h */,
				CFBED34016F46C9100614188 /* sorthelper.h */,
				CFBED34116F46C9100614188 /* split.h */,
				CFBED34216F46C9100614188 /* statistc.h */,
				CFBED34316F46C9100614188 /* stderr.h */,
				CFBED34416F46C9100614188 /* stepblob.h */,
				CFBED34516F46C9100614188 /* strngs.h */,
				CFBED34616F46C9100614188 /* tessbox.h */,
				CFBED34716F46C9100614188 /* tesscallback.h */,
				CFBED34816F46C9100614188 /* tessdatamanager.h */,
				CFBED34916F46C9100614188 /* tessedit.h */,
				CFBED34A16F46C9100614188 /* tesseract_cube_combiner.h */,
				CFBED34B16F46C9100614188 /* tesseractclass.h */,
				CFBED34C16F46C9100614188 /* tesseractmain.h */,
				CFBED34D16F46C9100614188 /* tessvars.h */,
				CFBED34E16F46C9100614188 /* tfacep.h */,
				CFBED34F16F46C9100614188 /* tfacepp.h */,
				CFBED35016F46C9100614188 /* thresholder.h */,
				CFBED35116F46C9100614188 /* tprintf.h */,
				CFBED35216F46C9100614188 /* unichar.h */,
				CFBED35316F46C9100614188 /* unicharmap.h */,
				CFBED35416F46C9100614188 /* unicharset.h */,
				CFBED35516F46C9100614188 /* unicity_table.h */,
				CFBED35616F46C9100614188 /* unicodes.h */,
				CFBED35716F46C9100614188 /* vecfuncs.h */,
				CFBED35816F46C9100614188 /* werd.h */,
				CFBED35916F46C9100614188 /* werdit.h */,
			);
			path = tesseract;
			sourceTree = "<group>";
		};
		CFBED35A16F46C9100614188 /* lib */ = {
			isa = PBXGroup;
			children = (
				CFBED35B16F46C9100614188 /* liblept.a */,
				CFBED35C16F46C9100614188 /* libtesseract_all.a */,
			);
			path = lib;
			sourceTree = "<group>";
		};
		CFBED36616F4713400614188 /* Classes */ = {
			isa = PBXGroup;
			children = (
				CFBED36316F46D9100614188 /* MBProgressHUD.h */,
				CFBED36416F46D9100614188 /* MBProgressHUD.mm */,
				CFBED21B16F45FBA00614188 /* Tesseract.h */,
				CFBED21C16F45FBA00614188 /* Tesseract.mm */,
			);
			name = Classes;
			sourceTree = "<group>";
		};
		CFBED36716F4715E00614188 /* Libraries */ = {
			isa = PBXGroup;
			children = (
				CFBED2C716F46C9000614188 /* dependencies */,
				CFBED36116F46D1000614188 /* tessdata */,
			);
			name = Libraries;
			sourceTree = "<group>";
		};
		CFCFC67216F397940076D956 /* Models */ = {
			isa = PBXGroup;
			children = (
				CF7921CC16F3635D006878DD /* Comment.h */,
				CF7921CD16F3635D006878DD /* Comment.mm */,
				CFCFC66F16F393D60076D956 /* AnnotationModel.h */,
				CFCFC67016F393D60076D956 /* AnnotationModel.mm */,
			);
			name = Models;
			sourceTree = "<group>";
		};
		CFCFC67316F397B20076D956 /* iPadViewControllers */ = {
			isa = PBXGroup;
			children = (
				CF68DE5816F0F90C00A8E1AB /* MasterViewController.h */,
				CF68DE5916F0F90C00A8E1AB /* MasterViewController.mm */,
				CF68DE4716F0F33F00A8E1AB /* ViewController.h */,
				CF68DE4816F0F33F00A8E1AB /* ViewController.mm */,
				CF68DE4F16F0F6D000A8E1AB /* DetailViewController.h */,
				CF68DE5016F0F6D000A8E1AB /* DetailViewController.mm */,
				CFDA4F5716F3090200ADC65F /* AnnotDetailViewController.h */,
				CFDA4F5816F3090200ADC65F /* AnnotDetailViewController.mm */,
				CF7921CF16F3791A006878DD /* CommentDetailViewController.h */,
				CF7921D016F3791A006878DD /* CommentDetailViewController.mm */,
			);
			name = iPadViewControllers;
			sourceTree = "<group>";
		};
/* End PBXGroup section */

/* Begin PBXNativeTarget section */
		CF68DE2516F0F33F00A8E1AB /* SplitView */ = {
			isa = PBXNativeTarget;
			buildConfigurationList = CF68DE4C16F0F33F00A8E1AB /* Build configuration list for PBXNativeTarget "SplitView" */;
			buildPhases = (
				CF68DE2216F0F33F00A8E1AB /* Sources */,
				CF68DE2316F0F33F00A8E1AB /* Frameworks */,
				CF68DE2416F0F33F00A8E1AB /* Resources */,
			);
			buildRules = (
			);
			dependencies = (
			);
			name = SplitView;
			productName = SplitView;
			productReference = CF68DE2616F0F33F00A8E1AB /* SplitView.app */;
			productType = "com.apple.product-type.application";
		};
/* End PBXNativeTarget section */

/* Begin PBXProject section */
		CF68DE1E16F0F33F00A8E1AB /* Project object */ = {
			isa = PBXProject;
			attributes = {
				LastUpgradeCheck = 0460;
				ORGANIZATIONNAME = nus.cs3217;
			};
			buildConfigurationList = CF68DE2116F0F33F00A8E1AB /* Build configuration list for PBXProject "SplitView" */;
			compatibilityVersion = "Xcode 3.2";
			developmentRegion = English;
			hasScannedForEncodings = 0;
			knownRegions = (
				en,
			);
			mainGroup = CF68DE1D16F0F33F00A8E1AB;
			productRefGroup = CF68DE2716F0F33F00A8E1AB /* Products */;
			projectDirPath = "";
			projectRoot = "";
			targets = (
				CF68DE2516F0F33F00A8E1AB /* SplitView */,
			);
		};
/* End PBXProject section */

/* Begin PBXResourcesBuildPhase section */
		CF68DE2416F0F33F00A8E1AB /* Resources */ = {
			isa = PBXResourcesBuildPhase;
			buildActionMask = 2147483647;
			files = (
				CF68DE3416F0F33F00A8E1AB /* InfoPlist.strings in Resources */,
				CF68DE3C16F0F33F00A8E1AB /* Default.png in Resources */,
				CF68DE3E16F0F33F00A8E1AB /* Default@2x.png in Resources */,
				CF68DE4016F0F33F00A8E1AB /* Default-568h@2x.png in Resources */,
				CF68DE4316F0F33F00A8E1AB /* MainStoryboard_iPhone.storyboard in Resources */,
				CF68DE5C16F0FADF00A8E1AB /* MainStoryboard_iPad.storyboard in Resources */,
				CFBED36016F46C9100614188 /* README.md in Resources */,
				CFBED36216F46D1000614188 /* tessdata in Resources */,
			);
			runOnlyForDeploymentPostprocessing = 0;
		};
/* End PBXResourcesBuildPhase section */

/* Begin PBXSourcesBuildPhase section */
		CF68DE2216F0F33F00A8E1AB /* Sources */ = {
			isa = PBXSourcesBuildPhase;
			buildActionMask = 2147483647;
			files = (
				CF68DE3616F0F33F00A8E1AB /* main.m in Sources */,
				CF68DE3A16F0F33F00A8E1AB /* AppDelegate.mm in Sources */,
				CF68DE4916F0F33F00A8E1AB /* ViewController.mm in Sources */,
				CF68DE5116F0F6D000A8E1AB /* DetailViewController.mm in Sources */,
				CF68DE5A16F0F90C00A8E1AB /* MasterViewController.mm in Sources */,
				CFDA4F5916F3090200ADC65F /* AnnotDetailViewController.mm in Sources */,
				CF7921CE16F3635E006878DD /* Comment.mm in Sources */,
				CF7921D116F3791A006878DD /* CommentDetailViewController.mm in Sources */,
				CFCFC67116F393D60076D956 /* AnnotationModel.mm in Sources */,
				CFCFC67616F3996B0076D956 /* iPhoneViewController.mm in Sources */,
				CFBED21D16F45FBA00614188 /* Tesseract.mm in Sources */,
				CFBED36516F46D9100614188 /* MBProgressHUD.mm in Sources */,
			);
			runOnlyForDeploymentPostprocessing = 0;
		};
/* End PBXSourcesBuildPhase section */

/* Begin PBXVariantGroup section */
		CF68DE3216F0F33F00A8E1AB /* InfoPlist.strings */ = {
			isa = PBXVariantGroup;
			children = (
				CF68DE3316F0F33F00A8E1AB /* en */,
			);
			name = InfoPlist.strings;
			sourceTree = "<group>";
		};
		CF68DE4116F0F33F00A8E1AB /* MainStoryboard_iPhone.storyboard */ = {
			isa = PBXVariantGroup;
			children = (
				CF68DE4216F0F33F00A8E1AB /* en */,
			);
			name = MainStoryboard_iPhone.storyboard;
			sourceTree = "<group>";
		};
/* End PBXVariantGroup section */

/* Begin XCBuildConfiguration section */
		CF68DE4A16F0F33F00A8E1AB /* Debug */ = {
			isa = XCBuildConfiguration;
			buildSettings = {
				ALWAYS_SEARCH_USER_PATHS = NO;
				CLANG_CXX_LANGUAGE_STANDARD = "compiler-default";
				CLANG_CXX_LIBRARY = "compiler-default";
				CLANG_ENABLE_OBJC_ARC = YES;
				CLANG_WARN_CONSTANT_CONVERSION = YES;
				CLANG_WARN_EMPTY_BODY = YES;
				CLANG_WARN_ENUM_CONVERSION = YES;
				CLANG_WARN_INT_CONVERSION = YES;
				CLANG_WARN__DUPLICATE_METHOD_MATCH = YES;
				"CODE_SIGN_IDENTITY[sdk=iphoneos*]" = "iPhone Developer";
				COPY_PHASE_STRIP = NO;
				GCC_C_LANGUAGE_STANDARD = "compiler-default";
				GCC_DYNAMIC_NO_PIC = NO;
				GCC_OPTIMIZATION_LEVEL = 0;
				GCC_PREPROCESSOR_DEFINITIONS = (
					"DEBUG=1",
					"$(inherited)",
				);
				GCC_SYMBOLS_PRIVATE_EXTERN = NO;
				GCC_WARN_ABOUT_RETURN_TYPE = YES;
				GCC_WARN_UNINITIALIZED_AUTOS = YES;
				GCC_WARN_UNUSED_VARIABLE = YES;
				IPHONEOS_DEPLOYMENT_TARGET = 6.1;
				ONLY_ACTIVE_ARCH = YES;
				SDKROOT = iphoneos;
				TARGETED_DEVICE_FAMILY = "1,2";
			};
			name = Debug;
		};
		CF68DE4B16F0F33F00A8E1AB /* Release */ = {
			isa = XCBuildConfiguration;
			buildSettings = {
				ALWAYS_SEARCH_USER_PATHS = NO;
				CLANG_CXX_LANGUAGE_STANDARD = "compiler-default";
				CLANG_CXX_LIBRARY = "compiler-default";
				CLANG_ENABLE_OBJC_ARC = YES;
				CLANG_WARN_CONSTANT_CONVERSION = YES;
				CLANG_WARN_EMPTY_BODY = YES;
				CLANG_WARN_ENUM_CONVERSION = YES;
				CLANG_WARN_INT_CONVERSION = YES;
				CLANG_WARN__DUPLICATE_METHOD_MATCH = YES;
				"CODE_SIGN_IDENTITY[sdk=iphoneos*]" = "iPhone Developer";
				COPY_PHASE_STRIP = YES;
				GCC_C_LANGUAGE_STANDARD = "compiler-default";
				GCC_WARN_ABOUT_RETURN_TYPE = YES;
				GCC_WARN_UNINITIALIZED_AUTOS = YES;
				GCC_WARN_UNUSED_VARIABLE = YES;
				IPHONEOS_DEPLOYMENT_TARGET = 6.1;
				OTHER_CFLAGS = "-DNS_BLOCK_ASSERTIONS=1";
				SDKROOT = iphoneos;
				TARGETED_DEVICE_FAMILY = "1,2";
				VALIDATE_PRODUCT = YES;
			};
			name = Release;
		};
		CF68DE4D16F0F33F00A8E1AB /* Debug */ = {
			isa = XCBuildConfiguration;
			buildSettings = {
				GCC_PRECOMPILE_PREFIX_HEADER = YES;
				GCC_PREFIX_HEADER = "SplitView/SplitView-Prefix.pch";
				INFOPLIST_FILE = "SplitView/SplitView-Info.plist";
				IPHONEOS_DEPLOYMENT_TARGET = 5.1;
				LIBRARY_SEARCH_PATHS = (
					"$(inherited)",
					"\"$(SRCROOT)/SplitView/build/dependencies/lib\"",
				);
				PRODUCT_NAME = "$(TARGET_NAME)";
				WRAPPER_EXTENSION = app;
			};
			name = Debug;
		};
		CF68DE4E16F0F33F00A8E1AB /* Release */ = {
			isa = XCBuildConfiguration;
			buildSettings = {
				GCC_PRECOMPILE_PREFIX_HEADER = YES;
				GCC_PREFIX_HEADER = "SplitView/SplitView-Prefix.pch";
				INFOPLIST_FILE = "SplitView/SplitView-Info.plist";
				IPHONEOS_DEPLOYMENT_TARGET = 5.1;
				LIBRARY_SEARCH_PATHS = (
					"$(inherited)",
					"\"$(SRCROOT)/SplitView/build/dependencies/lib\"",
				);
				PRODUCT_NAME = "$(TARGET_NAME)";
				WRAPPER_EXTENSION = app;
			};
			name = Release;
		};
/* End XCBuildConfiguration section */

/* Begin XCConfigurationList section */
		CF68DE2116F0F33F00A8E1AB /* Build configuration list for PBXProject "SplitView" */ = {
			isa = XCConfigurationList;
			buildConfigurations = (
				CF68DE4A16F0F33F00A8E1AB /* Debug */,
				CF68DE4B16F0F33F00A8E1AB /* Release */,
			);
			defaultConfigurationIsVisible = 0;
			defaultConfigurationName = Release;
		};
		CF68DE4C16F0F33F00A8E1AB /* Build configuration list for PBXNativeTarget "SplitView" */ = {
			isa = XCConfigurationList;
			buildConfigurations = (
				CF68DE4D16F0F33F00A8E1AB /* Debug */,
				CF68DE4E16F0F33F00A8E1AB /* Release */,
			);
			defaultConfigurationIsVisible = 0;
			defaultConfigurationName = Release;
		};
/* End XCConfigurationList section */
	};
	rootObject = CF68DE1E16F0F33F00A8E1AB /* Project object */;
}
